<Solution>
  <Folder Name="/services/">
    <Project Path="services/Data.Abstractions/Data.Abstractions.csproj" />
    <Project Path="services/Data/Data.csproj" />

    <Project Path="services/Tasks/Tasks.csproj" />
    <Project Path="services/Photos/Photos.csproj" />
    <Project Path="services/Spotify/Spotify.csproj" />
    <Project Path="services/Weather/Weather.csproj" />
    <Project Path="services/Rss/Rss.csproj" />
  </Folder>
</Solution>
