<Solution>
  <Folder Name="/services/">
    <Project Path="services/tasks/tasks.csproj" />
    <Project Path="services/Data.Abstractions/Data.Abstractions.csproj" />
    <Project Path="services/data/Data.csproj" />
    <Project Path="services/spotify/spotify.csproj" />
    <Project Path="services/Weather/Weather.csproj" />
  </Folder>
  <Folder Name="/services/data/" />
</Solution>
