<Solution>
  <Folder Name="/src/">
    <Project Path="src/Data.Abstractions/Data.Abstractions.csproj" />
    <Project Path="src/Data/Data.csproj" />

    <Project Path="src/Tasks/Tasks.csproj" />
    <Project Path="src/Photos/Photos.csproj" />
    <Project Path="src/Spotify/Spotify.csproj" />
    <Project Path="src/Weather/Weather.csproj" />
    <Project Path="src/Rss/Rss.csproj" />
    <Project Path="src/Calendar/Calendar.csproj" />

    <Project Path="src/Quote/Quote.csproj" />
    <Project Path="src/Birds/Birds.csproj" />
    <Project Path="src/Almanac/Almanac.csproj" />
  </Folder>
  <Folder Name="/tests/">
    <Project Path="tests/Tasks.Tests/Tasks.Tests.csproj" />
    <Project Path="tests/Weather.Tests/Weather.Tests.csproj" />
    <Project Path="tests/Rss.Tests/Rss.Tests.csproj" />
    <Project Path="tests/Photos.Tests/Photos.Tests.csproj" />
    <Project Path="tests/Spotify.Tests/Spotify.Tests.csproj" />
    <Project Path="tests/Quote.Tests/Quote.Tests.csproj" />
    <Project Path="tests/Calendar.Tests/Calendar.Tests.csproj" />
    <Project Path="tests/Birds.Tests/Birds.Tests.csproj" />
    <Project Path="tests/Almanac.Tests/Almanac.Tests.csproj" />
  </Folder>
</Solution>
